
Microsoft Visual Studio Solution File, Format Version 12.00
# Visual Studio Version 16
VisualStudioVersion = 16.0.29814.53
MinimumVisualStudioVersion = 10.0.40219.1
Project("{9A19103F-16F7-4668-BE54-9A1E7A4F7556}") = "PlanB.Butler.Admin", "PlanB.Butler.Admin\PlanB.Butler.Admin.csproj", "{60E6CBA7-955D-475D-8F8E-08751CF09E3D}"
EndProject
Project("{9A19103F-16F7-4668-BE54-9A1E7A4F7556}") = "PlanB.Butler.Library", "..\PlanB.Butler.Library\PlanB.Butler.Library\PlanB.Butler.Library.csproj", "{B6C7CD62-3E94-40B8-BAC6-A2C28D4E2048}"
EndProject
Global
	GlobalSection(SolutionConfigurationPlatforms) = preSolution
		Debug|Any CPU = Debug|Any CPU
		Release|Any CPU = Release|Any CPU
	EndGlobalSection
	GlobalSection(ProjectConfigurationPlatforms) = postSolution
		{60E6CBA7-955D-475D-8F8E-08751CF09E3D}.Debug|Any CPU.ActiveCfg = Debug|Any CPU
		{60E6CBA7-955D-475D-8F8E-08751CF09E3D}.Debug|Any CPU.Build.0 = Debug|Any CPU
		{60E6CBA7-955D-475D-8F8E-08751CF09E3D}.Release|Any CPU.ActiveCfg = Release|Any CPU
		{60E6CBA7-955D-475D-8F8E-08751CF09E3D}.Release|Any CPU.Build.0 = Release|Any CPU
		{B6C7CD62-3E94-40B8-BAC6-A2C28D4E2048}.Debug|Any CPU.ActiveCfg = Debug|Any CPU
		{B6C7CD62-3E94-40B8-BAC6-A2C28D4E2048}.Debug|Any CPU.Build.0 = Debug|Any CPU
		{B6C7CD62-3E94-40B8-BAC6-A2C28D4E2048}.Release|Any CPU.ActiveCfg = Release|Any CPU
		{B6C7CD62-3E94-40B8-BAC6-A2C28D4E2048}.Release|Any CPU.Build.0 = Release|Any CPU
	EndGlobalSection
	GlobalSection(SolutionProperties) = preSolution
		HideSolutionNode = FALSE
	EndGlobalSection
	GlobalSection(ExtensibilityGlobals) = postSolution
		SolutionGuid = {48815B72-03C8-41DA-AB4A-DD574528B06F}
	EndGlobalSection
EndGlobal
