
Microsoft Visual Studio Solution File, Format Version 12.00
# Visual Studio Version 16
VisualStudioVersion = 16.0.29403.142
MinimumVisualStudioVersion = 10.0.40219.1
Project("{9A19103F-16F7-4668-BE54-9A1E7A4F7556}") = "PlanB.Butler.Bot", "PlanB.Butler.Bot\PlanB.Butler.Bot.csproj", "{C8440EB0-CF33-415D-8B72-12901F76F7C3}"
EndProject
Project("{9A19103F-16F7-4668-BE54-9A1E7A4F7556}") = "PlanB.Butler.Library", "PlanB.Butler.Library\PlanB.Butler.Library\PlanB.Butler.Library.csproj", "{26210E9D-B09C-4AFA-891B-79CCBE5EC948}"
EndProject
Project("{9A19103F-16F7-4668-BE54-9A1E7A4F7556}") = "PlanB.Butler.Library.Test", "PlanB.Butler.Library\PlanB.Butler.Library.Test\PlanB.Butler.Library.Test.csproj", "{03872204-0270-48AF-902B-F7DA07019174}"
EndProject
Global
	GlobalSection(SolutionConfigurationPlatforms) = preSolution
		Debug|Any CPU = Debug|Any CPU
		Release|Any CPU = Release|Any CPU
	EndGlobalSection
	GlobalSection(ProjectConfigurationPlatforms) = postSolution
		{C8440EB0-CF33-415D-8B72-12901F76F7C3}.Debug|Any CPU.ActiveCfg = Debug|Any CPU
		{C8440EB0-CF33-415D-8B72-12901F76F7C3}.Debug|Any CPU.Build.0 = Debug|Any CPU
		{C8440EB0-CF33-415D-8B72-12901F76F7C3}.Release|Any CPU.ActiveCfg = Release|Any CPU
		{C8440EB0-CF33-415D-8B72-12901F76F7C3}.Release|Any CPU.Build.0 = Release|Any CPU
		{26210E9D-B09C-4AFA-891B-79CCBE5EC948}.Debug|Any CPU.ActiveCfg = Debug|Any CPU
		{26210E9D-B09C-4AFA-891B-79CCBE5EC948}.Debug|Any CPU.Build.0 = Debug|Any CPU
		{26210E9D-B09C-4AFA-891B-79CCBE5EC948}.Release|Any CPU.ActiveCfg = Release|Any CPU
		{26210E9D-B09C-4AFA-891B-79CCBE5EC948}.Release|Any CPU.Build.0 = Release|Any CPU
		{03872204-0270-48AF-902B-F7DA07019174}.Debug|Any CPU.ActiveCfg = Debug|Any CPU
		{03872204-0270-48AF-902B-F7DA07019174}.Debug|Any CPU.Build.0 = Debug|Any CPU
		{03872204-0270-48AF-902B-F7DA07019174}.Release|Any CPU.ActiveCfg = Release|Any CPU
		{03872204-0270-48AF-902B-F7DA07019174}.Release|Any CPU.Build.0 = Release|Any CPU
	EndGlobalSection
	GlobalSection(SolutionProperties) = preSolution
		HideSolutionNode = FALSE
	EndGlobalSection
	GlobalSection(ExtensibilityGlobals) = postSolution
		SolutionGuid = {BDC4F6C9-4D2D-4D7C-8987-0BD1F02144EA}
	EndGlobalSection
EndGlobal
